
Microsoft Visual Studio Solution File, Format Version 12.00
# Visual Studio Version 17
VisualStudioVersion = 17.2.32616.157
MinimumVisualStudioVersion = 10.0.40219.1
Project("{9A19103F-16F7-4668-BE54-9A1E7A4F7556}") = "Halo-Infinite-Tag-Editor", "Halo-Infinite-Tag-Editor\Halo-Infinite-Tag-Editor.csproj", "{CD6613BD-2BE8-4457-9151-466AFE3F9582}"
EndProject
Global
	GlobalSection(SolutionConfigurationPlatforms) = preSolution
		Debug|Any CPU = Debug|Any CPU
		Release|Any CPU = Release|Any CPU
	EndGlobalSection
	GlobalSection(ProjectConfigurationPlatforms) = postSolution
		{CD6613BD-2BE8-4457-9151-466AFE3F9582}.Debug|Any CPU.ActiveCfg = Debug|Any CPU
		{CD6613BD-2BE8-4457-9151-466AFE3F9582}.Debug|Any CPU.Build.0 = Debug|Any CPU
		{CD6613BD-2BE8-4457-9151-466AFE3F9582}.Release|Any CPU.ActiveCfg = Release|Any CPU
		{CD6613BD-2BE8-4457-9151-466AFE3F9582}.Release|Any CPU.Build.0 = Release|Any CPU
	EndGlobalSection
	GlobalSection(SolutionProperties) = preSolution
		HideSolutionNode = FALSE
	EndGlobalSection
	GlobalSection(ExtensibilityGlobals) = postSolution
		SolutionGuid = {FBB37027-9AA8-41B1-86AC-366B0C2EE92D}
	EndGlobalSection
EndGlobal
